{
  "name": "proekt_bolt",
  "version": "1.0.0",
  "lockfileVersion": 2,
  "requires": true,
  "packages": {
    "": {
      "name": "proekt_bolt",
      "version": "1.0.0",
      "license": "ISC",
      "dependencies": {
        "node-slimerjs": "^1.0.1"
      }
    },
    "node_modules/node-slimerjs": {
      "version": "1.0.1",
      "resolved": "https://registry.npmjs.org/node-slimerjs/-/node-slimerjs-1.0.1.tgz",
      "integrity": "sha1-/msVxT8hmRiN5iZlyrgd1+l+9TY=",
      "engines": {
        "node": "*"
      }
    }
  },
  "dependencies": {
    "node-slimerjs": {
      "version": "1.0.1",
      "resolved": "https://registry.npmjs.org/node-slimerjs/-/node-slimerjs-1.0.1.tgz",
      "integrity": "sha1-/msVxT8hmRiN5iZlyrgd1+l+9TY="
    }
  }
}
